# THIS IS AN AUTOGENERATED FILE. DO NOT EDIT THIS FILE DIRECTLY.
# yarn lockfile v1


acme-deep-transitive@^1.0.0, acme-deep-transitive@^1.0.2:
  version "1.0.4"
  resolved "https://registry.example.test/acme-deep-transitive/-/acme-deep-transitive-1.0.4.tgz#deadbeef"
  integrity sha512-fixturefixturefixturefixturefixturefixturefixture==

acme-lodash@^4.17.0:
  version "4.17.21"
  resolved "https://registry.example.test/acme-lodash/-/acme-lodash-4.17.21.tgz#deadbeef"
  integrity sha512-fixturefixturefixturefixturefixturefixturefixture==

"@acme/scoped-lib@^1.2.0":
  version "1.2.3"
  resolved "https://registry.example.test/@acme/scoped-lib/-/scoped-lib-1.2.3.tgz#cafebabe"
  integrity sha512-fixturefixturefixturefixturefixturefixturefixture==
  dependencies:
    acme-deep-transitive "^1.0.0"
