{
  "name": "fixture-app",
  "version": "1.0.0",
  "lockfileVersion": 3,
  "requires": true,
  "packages": {
    "": {
      "name": "fixture-app",
      "version": "1.0.0",
      "dependencies": {
        "acme-lodash": "^4.17.0",
        "@acme/scoped-lib": "^1.2.0",
        "acme-transitive-parent": "^2.0.0"
      },
      "devDependencies": {
        "acme-dev-tool": "^3.0.0"
      }
    },
    "node_modules/acme-lodash": {
      "version": "4.17.21",
      "resolved": "https://registry.example.test/acme-lodash/-/acme-lodash-4.17.21.tgz",
      "integrity": "sha512-fixturefixturefixturefixturefixturefixturefixture=="
    },
    "node_modules/@acme/scoped-lib": {
      "version": "1.2.3",
      "resolved": "https://registry.example.test/@acme/scoped-lib/-/scoped-lib-1.2.3.tgz",
      "integrity": "sha512-fixturefixturefixturefixturefixturefixturefixture=="
    },
    "node_modules/acme-transitive-parent": {
      "version": "2.0.0",
      "resolved": "https://registry.example.test/acme-transitive-parent/-/acme-transitive-parent-2.0.0.tgz",
      "integrity": "sha512-fixturefixturefixturefixturefixturefixturefixture==",
      "dependencies": {
        "acme-deep-transitive": "^1.0.0"
      }
    },
    "node_modules/acme-transitive-parent/node_modules/acme-deep-transitive": {
      "version": "1.0.4",
      "resolved": "https://registry.example.test/acme-deep-transitive/-/acme-deep-transitive-1.0.4.tgz",
      "integrity": "sha512-fixturefixturefixturefixturefixturefixturefixture=="
    },
    "node_modules/acme-dev-tool": {
      "version": "3.1.0",
      "dev": true,
      "resolved": "https://registry.example.test/acme-dev-tool/-/acme-dev-tool-3.1.0.tgz",
      "integrity": "sha512-fixturefixturefixturefixturefixturefixturefixture=="
    }
  }
}
